
Microsoft Visual Studio Solution File, Format Version 12.00
# Visual Studio Version 17
VisualStudioVersion = 17.11.35219.272
MinimumVisualStudioVersion = 10.0.40219.1
Project("{FAE04EC0-301F-11D3-BF4B-00C04F79EFBC}") = "Command Pattern", "Command Pattern\Command Pattern.csproj", "{C1F1A5E7-6AF4-4388-A91E-78CE7CD497E8}"
EndProject
Global
	GlobalSection(SolutionConfigurationPlatforms) = preSolution
		Debug|Any CPU = Debug|Any CPU
		Release|Any CPU = Release|Any CPU
	EndGlobalSection
	GlobalSection(ProjectConfigurationPlatforms) = postSolution
		{C1F1A5E7-6AF4-4388-A91E-78CE7CD497E8}.Debug|Any CPU.ActiveCfg = Debug|Any CPU
		{C1F1A5E7-6AF4-4388-A91E-78CE7CD497E8}.Debug|Any CPU.Build.0 = Debug|Any CPU
		{C1F1A5E7-6AF4-4388-A91E-78CE7CD497E8}.Release|Any CPU.ActiveCfg = Release|Any CPU
		{C1F1A5E7-6AF4-4388-A91E-78CE7CD497E8}.Release|Any CPU.Build.0 = Release|Any CPU
	EndGlobalSection
	GlobalSection(SolutionProperties) = preSolution
		HideSolutionNode = FALSE
	EndGlobalSection
	GlobalSection(ExtensibilityGlobals) = postSolution
		SolutionGuid = {0E4536C6-F00A-4838-B046-C86315AB1FA8}
	EndGlobalSection
EndGlobal
